
Microsoft Visual Studio Solution File, Format Version 12.00
# Visual Studio 2013
VisualStudioVersion = 12.0.40629.0
MinimumVisualStudioVersion = 10.0.40219.1
Project("{FAE04EC0-301F-11D3-BF4B-00C04F79EFBC}") = "MyProject", "MyProject\MyProject.csproj", "{67F0FAAA-3D81-44C1-A45F-FBCBB1D1C28D}"
EndProject
Project("{FAE04EC0-301F-11D3-BF4B-00C04F79EFBC}") = "System.ServiceDefinition", "System.ServiceDefinition\System.ServiceDefinition.csproj", "{4512985C-8E08-4D8C-B09C-EBA676F68D9E}"
EndProject
Project("{FAE04EC0-301F-11D3-BF4B-00C04F79EFBC}") = "System.DataGuard", "System.DataGuard\System.DataGuard.csproj", "{425821C6-1DCF-4621-91DD-92EDB29A947A}"
EndProject
Project("{FAE04EC0-301F-11D3-BF4B-00C04F79EFBC}") = "System.Resource", "System.Resource\System.Resource.csproj", "{0E520701-A8B3-49F1-A2D6-8A6BA1D0D5C2}"
EndProject
Project("{FAE04EC0-301F-11D3-BF4B-00C04F79EFBC}") = "System.JobRouting", "System.JobRouting\System.JobRouting.csproj", "{74274B3F-73A2-4B4B-87CD-96835B98D9F5}"
EndProject
Project("{FAE04EC0-301F-11D3-BF4B-00C04F79EFBC}") = "System.DataAccess", "System.DataAccess\System.DataAccess.csproj", "{FE0B4BD5-BEAB-4E34-A364-709533CDDDE6}"
EndProject
Project("{FAE04EC0-301F-11D3-BF4B-00C04F79EFBC}") = "System.Reporting", "System.Reporting\System.Reporting.csproj", "{F458ACCA-7F01-4740-8F4E-A96F9674E5CB}"
EndProject
Project("{FAE04EC0-301F-11D3-BF4B-00C04F79EFBC}") = "System.Gas", "System.Gas\System.Gas.csproj", "{924E3EE6-CC2F-4982-AE88-665DABE8C68B}"
EndProject
Project("{FAE04EC0-301F-11D3-BF4B-00C04F79EFBC}") = "System.Scsc", "System.Scsc\System.Scsc.csproj", "{C81A71A0-EE40-4847-B5C3-B631B5663F93}"
EndProject
Project("{FAE04EC0-301F-11D3-BF4B-00C04F79EFBC}") = "System.Emis.Sas", "System.Emis.Sas\System.Emis.Sas.csproj", "{83BDC0A8-ECC1-4AD0-9534-B2BEF10A9C32}"
EndProject
Project("{FAE04EC0-301F-11D3-BF4B-00C04F79EFBC}") = "System.MaxUi", "System.MaxUi\System.MaxUi.csproj", "{A30C958D-0DD4-4D57-922C-BB9D2640FABC}"
EndProject
Project("{FAE04EC0-301F-11D3-BF4B-00C04F79EFBC}") = "System.MessageBroadcast", "System.MessageBroadcast\System.MessageBroadcast.csproj", "{58B3EE9C-6F93-43AF-83BC-4101FF330FE7}"
EndProject
Project("{FAE04EC0-301F-11D3-BF4B-00C04F79EFBC}") = "System.Supplies", "System.Supplies\System.Supplies.csproj", "{E716087B-9095-4214-A0BB-61E6C16F616B}"
EndProject
Project("{FAE04EC0-301F-11D3-BF4B-00C04F79EFBC}") = "System.ResidentialComplex", "System.ResidentialComplex\System.ResidentialComplex.csproj", "{A6ADB1B7-AD18-4271-A4E8-D24C957BABFE}"
EndProject
Project("{FAE04EC0-301F-11D3-BF4B-00C04F79EFBC}") = "System.XTerm", "System.XTerm\System.XTerm.csproj", "{F522EC4E-8FDC-4723-9868-2F9CEAF70FED}"
EndProject
Project("{FAE04EC0-301F-11D3-BF4B-00C04F79EFBC}") = "System.Dental", "System.Dental\System.Dental.csproj", "{5B9FC4BB-8E4D-4964-9A81-7233787FCB0A}"
EndProject
Project("{FAE04EC0-301F-11D3-BF4B-00C04F79EFBC}") = "System.ISP", "System.ISP\System.ISP.csproj", "{AD309C0F-B2A3-440C-A5F2-49DC2E7FEF35}"
EndProject
Project("{FAE04EC0-301F-11D3-BF4B-00C04F79EFBC}") = "System.CRM", "System.CRM\System.CRM.csproj", "{5F1FC4F8-A652-46F0-A2EC-4ADA0D86AAC9}"
EndProject
Project("{FAE04EC0-301F-11D3-BF4B-00C04F79EFBC}") = "System.RoboTech", "System.RoboTech\System.RoboTech.csproj", "{0ABBF420-3D88-45BB-9612-D77EEFB96DE6}"
EndProject
Project("{2150E333-8FDC-42A3-9474-1A3956D46DE8}") = ".nuget", ".nuget", "{28B135F4-77AA-46CF-A437-B09765B2E668}"
	ProjectSection(SolutionItems) = preProject
		.nuget\packages.config = .nuget\packages.config
	EndProjectSection
EndProject
Project("{FAE04EC0-301F-11D3-BF4B-00C04F79EFBC}") = "System.Dolphin", "System.Dolphin\System.Dolphin.csproj", "{45D60751-0AA2-43E1-BD36-C2281AD63042}"
EndProject
Global
	GlobalSection(SolutionConfigurationPlatforms) = preSolution
		CD_ROM|Any CPU = CD_ROM|Any CPU
		CD_ROM|x86 = CD_ROM|x86
		Debug|Any CPU = Debug|Any CPU
		Debug|x86 = Debug|x86
		DVD-5|Any CPU = DVD-5|Any CPU
		DVD-5|x86 = DVD-5|x86
		Release|Any CPU = Release|Any CPU
		Release|x86 = Release|x86
		SingleImage|Any CPU = SingleImage|Any CPU
		SingleImage|x86 = SingleImage|x86
	EndGlobalSection
	GlobalSection(ProjectConfigurationPlatforms) = postSolution
		{67F0FAAA-3D81-44C1-A45F-FBCBB1D1C28D}.CD_ROM|Any CPU.ActiveCfg = Release|Any CPU
		{67F0FAAA-3D81-44C1-A45F-FBCBB1D1C28D}.CD_ROM|Any CPU.Build.0 = Release|Any CPU
		{67F0FAAA-3D81-44C1-A45F-FBCBB1D1C28D}.CD_ROM|x86.ActiveCfg = Debug|Any CPU
		{67F0FAAA-3D81-44C1-A45F-FBCBB1D1C28D}.Debug|Any CPU.ActiveCfg = Debug|Any CPU
		{67F0FAAA-3D81-44C1-A45F-FBCBB1D1C28D}.Debug|Any CPU.Build.0 = Debug|Any CPU
		{67F0FAAA-3D81-44C1-A45F-FBCBB1D1C28D}.Debug|x86.ActiveCfg = Debug|Any CPU
		{67F0FAAA-3D81-44C1-A45F-FBCBB1D1C28D}.DVD-5|Any CPU.ActiveCfg = Debug|Any CPU
		{67F0FAAA-3D81-44C1-A45F-FBCBB1D1C28D}.DVD-5|Any CPU.Build.0 = Debug|Any CPU
		{67F0FAAA-3D81-44C1-A45F-FBCBB1D1C28D}.DVD-5|x86.ActiveCfg = Debug|Any CPU
		{67F0FAAA-3D81-44C1-A45F-FBCBB1D1C28D}.Release|Any CPU.ActiveCfg = Release|Any CPU
		{67F0FAAA-3D81-44C1-A45F-FBCBB1D1C28D}.Release|Any CPU.Build.0 = Release|Any CPU
		{67F0FAAA-3D81-44C1-A45F-FBCBB1D1C28D}.Release|x86.ActiveCfg = Release|Any CPU
		{67F0FAAA-3D81-44C1-A45F-FBCBB1D1C28D}.SingleImage|Any CPU.ActiveCfg = Release|Any CPU
		{67F0FAAA-3D81-44C1-A45F-FBCBB1D1C28D}.SingleImage|Any CPU.Build.0 = Release|Any CPU
		{67F0FAAA-3D81-44C1-A45F-FBCBB1D1C28D}.SingleImage|x86.ActiveCfg = Debug|Any CPU
		{4512985C-8E08-4D8C-B09C-EBA676F68D9E}.CD_ROM|Any CPU.ActiveCfg = Release|Any CPU
		{4512985C-8E08-4D8C-B09C-EBA676F68D9E}.CD_ROM|x86.ActiveCfg = Debug|Any CPU
		{4512985C-8E08-4D8C-B09C-EBA676F68D9E}.Debug|Any CPU.ActiveCfg = Debug|Any CPU
		{4512985C-8E08-4D8C-B09C-EBA676F68D9E}.Debug|Any CPU.Build.0 = Debug|Any CPU
		{4512985C-8E08-4D8C-B09C-EBA676F68D9E}.Debug|x86.ActiveCfg = Debug|Any CPU
		{4512985C-8E08-4D8C-B09C-EBA676F68D9E}.DVD-5|Any CPU.ActiveCfg = Debug|Any CPU
		{4512985C-8E08-4D8C-B09C-EBA676F68D9E}.DVD-5|x86.ActiveCfg = Debug|Any CPU
		{4512985C-8E08-4D8C-B09C-EBA676F68D9E}.Release|Any CPU.ActiveCfg = Release|Any CPU
		{4512985C-8E08-4D8C-B09C-EBA676F68D9E}.Release|Any CPU.Build.0 = Release|Any CPU
		{4512985C-8E08-4D8C-B09C-EBA676F68D9E}.Release|x86.ActiveCfg = Release|Any CPU
		{4512985C-8E08-4D8C-B09C-EBA676F68D9E}.SingleImage|Any CPU.ActiveCfg = Release|Any CPU
		{4512985C-8E08-4D8C-B09C-EBA676F68D9E}.SingleImage|x86.ActiveCfg = Debug|Any CPU
		{425821C6-1DCF-4621-91DD-92EDB29A947A}.CD_ROM|Any CPU.ActiveCfg = Release|Any CPU
		{425821C6-1DCF-4621-91DD-92EDB29A947A}.CD_ROM|Any CPU.Build.0 = Release|Any CPU
		{425821C6-1DCF-4621-91DD-92EDB29A947A}.CD_ROM|x86.ActiveCfg = Debug|Any CPU
		{425821C6-1DCF-4621-91DD-92EDB29A947A}.Debug|Any CPU.ActiveCfg = Debug|Any CPU
		{425821C6-1DCF-4621-91DD-92EDB29A947A}.Debug|Any CPU.Build.0 = Debug|Any CPU
		{425821C6-1DCF-4621-91DD-92EDB29A947A}.Debug|x86.ActiveCfg = Debug|Any CPU
		{425821C6-1DCF-4621-91DD-92EDB29A947A}.DVD-5|Any CPU.ActiveCfg = Debug|Any CPU
		{425821C6-1DCF-4621-91DD-92EDB29A947A}.DVD-5|Any CPU.Build.0 = Debug|Any CPU
		{425821C6-1DCF-4621-91DD-92EDB29A947A}.DVD-5|x86.ActiveCfg = Debug|Any CPU
		{425821C6-1DCF-4621-91DD-92EDB29A947A}.Release|Any CPU.ActiveCfg = Release|Any CPU
		{425821C6-1DCF-4621-91DD-92EDB29A947A}.Release|Any CPU.Build.0 = Release|Any CPU
		{425821C6-1DCF-4621-91DD-92EDB29A947A}.Release|x86.ActiveCfg = Release|Any CPU
		{425821C6-1DCF-4621-91DD-92EDB29A947A}.SingleImage|Any CPU.ActiveCfg = Release|Any CPU
		{425821C6-1DCF-4621-91DD-92EDB29A947A}.SingleImage|Any CPU.Build.0 = Release|Any CPU
		{425821C6-1DCF-4621-91DD-92EDB29A947A}.SingleImage|x86.ActiveCfg = Debug|Any CPU
		{0E520701-A8B3-49F1-A2D6-8A6BA1D0D5C2}.CD_ROM|Any CPU.ActiveCfg = Release|Any CPU
		{0E520701-A8B3-49F1-A2D6-8A6BA1D0D5C2}.CD_ROM|x86.ActiveCfg = Debug|Any CPU
		{0E520701-A8B3-49F1-A2D6-8A6BA1D0D5C2}.Debug|Any CPU.ActiveCfg = Debug|Any CPU
		{0E520701-A8B3-49F1-A2D6-8A6BA1D0D5C2}.Debug|Any CPU.Build.0 = Debug|Any CPU
		{0E520701-A8B3-49F1-A2D6-8A6BA1D0D5C2}.Debug|x86.ActiveCfg = Debug|Any CPU
		{0E520701-A8B3-49F1-A2D6-8A6BA1D0D5C2}.DVD-5|Any CPU.ActiveCfg = Debug|Any CPU
		{0E520701-A8B3-49F1-A2D6-8A6BA1D0D5C2}.DVD-5|x86.ActiveCfg = Debug|Any CPU
		{0E520701-A8B3-49F1-A2D6-8A6BA1D0D5C2}.Release|Any CPU.ActiveCfg = Release|Any CPU
		{0E520701-A8B3-49F1-A2D6-8A6BA1D0D5C2}.Release|Any CPU.Build.0 = Release|Any CPU
		{0E520701-A8B3-49F1-A2D6-8A6BA1D0D5C2}.Release|x86.ActiveCfg = Release|Any CPU
		{0E520701-A8B3-49F1-A2D6-8A6BA1D0D5C2}.SingleImage|Any CPU.ActiveCfg = Release|Any CPU
		{0E520701-A8B3-49F1-A2D6-8A6BA1D0D5C2}.SingleImage|x86.ActiveCfg = Debug|Any CPU
		{74274B3F-73A2-4B4B-87CD-96835B98D9F5}.CD_ROM|Any CPU.ActiveCfg = Release|Any CPU
		{74274B3F-73A2-4B4B-87CD-96835B98D9F5}.CD_ROM|Any CPU.Build.0 = Release|Any CPU
		{74274B3F-73A2-4B4B-87CD-96835B98D9F5}.CD_ROM|x86.ActiveCfg = Debug|Any CPU
		{74274B3F-73A2-4B4B-87CD-96835B98D9F5}.Debug|Any CPU.ActiveCfg = Debug|Any CPU
		{74274B3F-73A2-4B4B-87CD-96835B98D9F5}.Debug|Any CPU.Build.0 = Debug|Any CPU
		{74274B3F-73A2-4B4B-87CD-96835B98D9F5}.Debug|x86.ActiveCfg = Debug|Any CPU
		{74274B3F-73A2-4B4B-87CD-96835B98D9F5}.DVD-5|Any CPU.ActiveCfg = Debug|Any CPU
		{74274B3F-73A2-4B4B-87CD-96835B98D9F5}.DVD-5|Any CPU.Build.0 = Debug|Any CPU
		{74274B3F-73A2-4B4B-87CD-96835B98D9F5}.DVD-5|x86.ActiveCfg = Debug|Any CPU
		{74274B3F-73A2-4B4B-87CD-96835B98D9F5}.Release|Any CPU.ActiveCfg = Release|Any CPU
		{74274B3F-73A2-4B4B-87CD-96835B98D9F5}.Release|Any CPU.Build.0 = Release|Any CPU
		{74274B3F-73A2-4B4B-87CD-96835B98D9F5}.Release|x86.ActiveCfg = Release|Any CPU
		{74274B3F-73A2-4B4B-87CD-96835B98D9F5}.SingleImage|Any CPU.ActiveCfg = Release|Any CPU
		{74274B3F-73A2-4B4B-87CD-96835B98D9F5}.SingleImage|Any CPU.Build.0 = Release|Any CPU
		{74274B3F-73A2-4B4B-87CD-96835B98D9F5}.SingleImage|x86.ActiveCfg = Debug|Any CPU
		{FE0B4BD5-BEAB-4E34-A364-709533CDDDE6}.CD_ROM|Any CPU.ActiveCfg = Release|Any CPU
		{FE0B4BD5-BEAB-4E34-A364-709533CDDDE6}.CD_ROM|x86.ActiveCfg = Debug|Any CPU
		{FE0B4BD5-BEAB-4E34-A364-709533CDDDE6}.Debug|Any CPU.ActiveCfg = Debug|Any CPU
		{FE0B4BD5-BEAB-4E34-A364-709533CDDDE6}.Debug|Any CPU.Build.0 = Debug|Any CPU
		{FE0B4BD5-BEAB-4E34-A364-709533CDDDE6}.Debug|x86.ActiveCfg = Debug|Any CPU
		{FE0B4BD5-BEAB-4E34-A364-709533CDDDE6}.DVD-5|Any CPU.ActiveCfg = Debug|Any CPU
		{FE0B4BD5-BEAB-4E34-A364-709533CDDDE6}.DVD-5|x86.ActiveCfg = Debug|Any CPU
		{FE0B4BD5-BEAB-4E34-A364-709533CDDDE6}.Release|Any CPU.ActiveCfg = Release|Any CPU
		{FE0B4BD5-BEAB-4E34-A364-709533CDDDE6}.Release|Any CPU.Build.0 = Release|Any CPU
		{FE0B4BD5-BEAB-4E34-A364-709533CDDDE6}.Release|x86.ActiveCfg = Release|Any CPU
		{FE0B4BD5-BEAB-4E34-A364-709533CDDDE6}.SingleImage|Any CPU.ActiveCfg = Release|Any CPU
		{FE0B4BD5-BEAB-4E34-A364-709533CDDDE6}.SingleImage|x86.ActiveCfg = Debug|Any CPU
		{F458ACCA-7F01-4740-8F4E-A96F9674E5CB}.CD_ROM|Any CPU.ActiveCfg = Release|Any CPU
		{F458ACCA-7F01-4740-8F4E-A96F9674E5CB}.CD_ROM|x86.ActiveCfg = Debug|Any CPU
		{F458ACCA-7F01-4740-8F4E-A96F9674E5CB}.Debug|Any CPU.ActiveCfg = Debug|Any CPU
		{F458ACCA-7F01-4740-8F4E-A96F9674E5CB}.Debug|Any CPU.Build.0 = Debug|Any CPU
		{F458ACCA-7F01-4740-8F4E-A96F9674E5CB}.Debug|x86.ActiveCfg = Debug|Any CPU
		{F458ACCA-7F01-4740-8F4E-A96F9674E5CB}.DVD-5|Any CPU.ActiveCfg = Debug|Any CPU
		{F458ACCA-7F01-4740-8F4E-A96F9674E5CB}.DVD-5|x86.ActiveCfg = Debug|Any CPU
		{F458ACCA-7F01-4740-8F4E-A96F9674E5CB}.Release|Any CPU.ActiveCfg = Release|Any CPU
		{F458ACCA-7F01-4740-8F4E-A96F9674E5CB}.Release|Any CPU.Build.0 = Release|Any CPU
		{F458ACCA-7F01-4740-8F4E-A96F9674E5CB}.Release|x86.ActiveCfg = Release|Any CPU
		{F458ACCA-7F01-4740-8F4E-A96F9674E5CB}.SingleImage|Any CPU.ActiveCfg = Release|Any CPU
		{F458ACCA-7F01-4740-8F4E-A96F9674E5CB}.SingleImage|x86.ActiveCfg = Debug|Any CPU
		{924E3EE6-CC2F-4982-AE88-665DABE8C68B}.CD_ROM|Any CPU.ActiveCfg = Release|Any CPU
		{924E3EE6-CC2F-4982-AE88-665DABE8C68B}.CD_ROM|x86.ActiveCfg = Debug|Any CPU
		{924E3EE6-CC2F-4982-AE88-665DABE8C68B}.Debug|Any CPU.ActiveCfg = Debug|Any CPU
		{924E3EE6-CC2F-4982-AE88-665DABE8C68B}.Debug|Any CPU.Build.0 = Debug|Any CPU
		{924E3EE6-CC2F-4982-AE88-665DABE8C68B}.Debug|x86.ActiveCfg = Debug|Any CPU
		{924E3EE6-CC2F-4982-AE88-665DABE8C68B}.DVD-5|Any CPU.ActiveCfg = Debug|Any CPU
		{924E3EE6-CC2F-4982-AE88-665DABE8C68B}.DVD-5|x86.ActiveCfg = Debug|Any CPU
		{924E3EE6-CC2F-4982-AE88-665DABE8C68B}.Release|Any CPU.ActiveCfg = Release|Any CPU
		{924E3EE6-CC2F-4982-AE88-665DABE8C68B}.Release|Any CPU.Build.0 = Release|Any CPU
		{924E3EE6-CC2F-4982-AE88-665DABE8C68B}.Release|x86.ActiveCfg = Release|Any CPU
		{924E3EE6-CC2F-4982-AE88-665DABE8C68B}.SingleImage|Any CPU.ActiveCfg = Release|Any CPU
		{924E3EE6-CC2F-4982-AE88-665DABE8C68B}.SingleImage|x86.ActiveCfg = Debug|Any CPU
		{C81A71A0-EE40-4847-B5C3-B631B5663F93}.CD_ROM|Any CPU.ActiveCfg = Release|Any CPU
		{C81A71A0-EE40-4847-B5C3-B631B5663F93}.CD_ROM|Any CPU.Build.0 = Release|Any CPU
		{C81A71A0-EE40-4847-B5C3-B631B5663F93}.CD_ROM|x86.ActiveCfg = Release|x86
		{C81A71A0-EE40-4847-B5C3-B631B5663F93}.CD_ROM|x86.Build.0 = Release|x86
		{C81A71A0-EE40-4847-B5C3-B631B5663F93}.Debug|Any CPU.ActiveCfg = Debug|Any CPU
		{C81A71A0-EE40-4847-B5C3-B631B5663F93}.Debug|Any CPU.Build.0 = Debug|Any CPU
		{C81A71A0-EE40-4847-B5C3-B631B5663F93}.Debug|x86.ActiveCfg = Debug|x86
		{C81A71A0-EE40-4847-B5C3-B631B5663F93}.Debug|x86.Build.0 = Debug|x86
		{C81A71A0-EE40-4847-B5C3-B631B5663F93}.DVD-5|Any CPU.ActiveCfg = Debug|Any CPU
		{C81A71A0-EE40-4847-B5C3-B631B5663F93}.DVD-5|Any CPU.Build.0 = Debug|Any CPU
		{C81A71A0-EE40-4847-B5C3-B631B5663F93}.DVD-5|x86.ActiveCfg = Debug|x86
		{C81A71A0-EE40-4847-B5C3-B631B5663F93}.DVD-5|x86.Build.0 = Debug|x86
		{C81A71A0-EE40-4847-B5C3-B631B5663F93}.Release|Any CPU.ActiveCfg = Release|Any CPU
		{C81A71A0-EE40-4847-B5C3-B631B5663F93}.Release|Any CPU.Build.0 = Release|Any CPU
		{C81A71A0-EE40-4847-B5C3-B631B5663F93}.Release|x86.ActiveCfg = Release|x86
		{C81A71A0-EE40-4847-B5C3-B631B5663F93}.Release|x86.Build.0 = Release|x86
		{C81A71A0-EE40-4847-B5C3-B631B5663F93}.SingleImage|Any CPU.ActiveCfg = Release|Any CPU
		{C81A71A0-EE40-4847-B5C3-B631B5663F93}.SingleImage|Any CPU.Build.0 = Release|Any CPU
		{C81A71A0-EE40-4847-B5C3-B631B5663F93}.SingleImage|x86.ActiveCfg = Release|x86
		{C81A71A0-EE40-4847-B5C3-B631B5663F93}.SingleImage|x86.Build.0 = Release|x86
		{83BDC0A8-ECC1-4AD0-9534-B2BEF10A9C32}.CD_ROM|Any CPU.ActiveCfg = Release|Any CPU
		{83BDC0A8-ECC1-4AD0-9534-B2BEF10A9C32}.CD_ROM|x86.ActiveCfg = Debug|Any CPU
		{83BDC0A8-ECC1-4AD0-9534-B2BEF10A9C32}.Debug|Any CPU.ActiveCfg = Debug|Any CPU
		{83BDC0A8-ECC1-4AD0-9534-B2BEF10A9C32}.Debug|Any CPU.Build.0 = Debug|Any CPU
		{83BDC0A8-ECC1-4AD0-9534-B2BEF10A9C32}.Debug|x86.ActiveCfg = Debug|Any CPU
		{83BDC0A8-ECC1-4AD0-9534-B2BEF10A9C32}.DVD-5|Any CPU.ActiveCfg = Debug|Any CPU
		{83BDC0A8-ECC1-4AD0-9534-B2BEF10A9C32}.DVD-5|x86.ActiveCfg = Debug|Any CPU
		{83BDC0A8-ECC1-4AD0-9534-B2BEF10A9C32}.Release|Any CPU.ActiveCfg = Release|Any CPU
		{83BDC0A8-ECC1-4AD0-9534-B2BEF10A9C32}.Release|Any CPU.Build.0 = Release|Any CPU
		{83BDC0A8-ECC1-4AD0-9534-B2BEF10A9C32}.Release|x86.ActiveCfg = Release|Any CPU
		{83BDC0A8-ECC1-4AD0-9534-B2BEF10A9C32}.SingleImage|Any CPU.ActiveCfg = Release|Any CPU
		{83BDC0A8-ECC1-4AD0-9534-B2BEF10A9C32}.SingleImage|x86.ActiveCfg = Debug|Any CPU
		{A30C958D-0DD4-4D57-922C-BB9D2640FABC}.CD_ROM|Any CPU.ActiveCfg = Release|Any CPU
		{A30C958D-0DD4-4D57-922C-BB9D2640FABC}.CD_ROM|Any CPU.Build.0 = Release|Any CPU
		{A30C958D-0DD4-4D57-922C-BB9D2640FABC}.CD_ROM|x86.ActiveCfg = Debug|Any CPU
		{A30C958D-0DD4-4D57-922C-BB9D2640FABC}.Debug|Any CPU.ActiveCfg = Debug|Any CPU
		{A30C958D-0DD4-4D57-922C-BB9D2640FABC}.Debug|Any CPU.Build.0 = Debug|Any CPU
		{A30C958D-0DD4-4D57-922C-BB9D2640FABC}.Debug|x86.ActiveCfg = Debug|Any CPU
		{A30C958D-0DD4-4D57-922C-BB9D2640FABC}.DVD-5|Any CPU.ActiveCfg = Debug|Any CPU
		{A30C958D-0DD4-4D57-922C-BB9D2640FABC}.DVD-5|Any CPU.Build.0 = Debug|Any CPU
		{A30C958D-0DD4-4D57-922C-BB9D2640FABC}.DVD-5|x86.ActiveCfg = Debug|Any CPU
		{A30C958D-0DD4-4D57-922C-BB9D2640FABC}.Release|Any CPU.ActiveCfg = Release|Any CPU
		{A30C958D-0DD4-4D57-922C-BB9D2640FABC}.Release|Any CPU.Build.0 = Release|Any CPU
		{A30C958D-0DD4-4D57-922C-BB9D2640FABC}.Release|x86.ActiveCfg = Release|Any CPU
		{A30C958D-0DD4-4D57-922C-BB9D2640FABC}.SingleImage|Any CPU.ActiveCfg = Release|Any CPU
		{A30C958D-0DD4-4D57-922C-BB9D2640FABC}.SingleImage|Any CPU.Build.0 = Release|Any CPU
		{A30C958D-0DD4-4D57-922C-BB9D2640FABC}.SingleImage|x86.ActiveCfg = Debug|Any CPU
		{58B3EE9C-6F93-43AF-83BC-4101FF330FE7}.CD_ROM|Any CPU.ActiveCfg = Release|Any CPU
		{58B3EE9C-6F93-43AF-83BC-4101FF330FE7}.CD_ROM|Any CPU.Build.0 = Release|Any CPU
		{58B3EE9C-6F93-43AF-83BC-4101FF330FE7}.CD_ROM|x86.ActiveCfg = Release|Any CPU
		{58B3EE9C-6F93-43AF-83BC-4101FF330FE7}.Debug|Any CPU.ActiveCfg = Debug|Any CPU
		{58B3EE9C-6F93-43AF-83BC-4101FF330FE7}.Debug|Any CPU.Build.0 = Debug|Any CPU
		{58B3EE9C-6F93-43AF-83BC-4101FF330FE7}.Debug|x86.ActiveCfg = Debug|Any CPU
		{58B3EE9C-6F93-43AF-83BC-4101FF330FE7}.DVD-5|Any CPU.ActiveCfg = Debug|Any CPU
		{58B3EE9C-6F93-43AF-83BC-4101FF330FE7}.DVD-5|Any CPU.Build.0 = Debug|Any CPU
		{58B3EE9C-6F93-43AF-83BC-4101FF330FE7}.DVD-5|x86.ActiveCfg = Debug|Any CPU
		{58B3EE9C-6F93-43AF-83BC-4101FF330FE7}.Release|Any CPU.ActiveCfg = Release|Any CPU
		{58B3EE9C-6F93-43AF-83BC-4101FF330FE7}.Release|Any CPU.Build.0 = Release|Any CPU
		{58B3EE9C-6F93-43AF-83BC-4101FF330FE7}.Release|x86.ActiveCfg = Release|Any CPU
		{58B3EE9C-6F93-43AF-83BC-4101FF330FE7}.SingleImage|Any CPU.ActiveCfg = Release|Any CPU
		{58B3EE9C-6F93-43AF-83BC-4101FF330FE7}.SingleImage|Any CPU.Build.0 = Release|Any CPU
		{58B3EE9C-6F93-43AF-83BC-4101FF330FE7}.SingleImage|x86.ActiveCfg = Release|Any CPU
		{E716087B-9095-4214-A0BB-61E6C16F616B}.CD_ROM|Any CPU.ActiveCfg = Release|Any CPU
		{E716087B-9095-4214-A0BB-61E6C16F616B}.CD_ROM|Any CPU.Build.0 = Release|Any CPU
		{E716087B-9095-4214-A0BB-61E6C16F616B}.CD_ROM|x86.ActiveCfg = Release|Any CPU
		{E716087B-9095-4214-A0BB-61E6C16F616B}.Debug|Any CPU.ActiveCfg = Debug|Any CPU
		{E716087B-9095-4214-A0BB-61E6C16F616B}.Debug|Any CPU.Build.0 = Debug|Any CPU
		{E716087B-9095-4214-A0BB-61E6C16F616B}.Debug|x86.ActiveCfg = Debug|Any CPU
		{E716087B-9095-4214-A0BB-61E6C16F616B}.DVD-5|Any CPU.ActiveCfg = Debug|Any CPU
		{E716087B-9095-4214-A0BB-61E6C16F616B}.DVD-5|Any CPU.Build.0 = Debug|Any CPU
		{E716087B-9095-4214-A0BB-61E6C16F616B}.DVD-5|x86.ActiveCfg = Debug|Any CPU
		{E716087B-9095-4214-A0BB-61E6C16F616B}.Release|Any CPU.ActiveCfg = Release|Any CPU
		{E716087B-9095-4214-A0BB-61E6C16F616B}.Release|Any CPU.Build.0 = Release|Any CPU
		{E716087B-9095-4214-A0BB-61E6C16F616B}.Release|x86.ActiveCfg = Release|Any CPU
		{E716087B-9095-4214-A0BB-61E6C16F616B}.SingleImage|Any CPU.ActiveCfg = Release|Any CPU
		{E716087B-9095-4214-A0BB-61E6C16F616B}.SingleImage|Any CPU.Build.0 = Release|Any CPU
		{E716087B-9095-4214-A0BB-61E6C16F616B}.SingleImage|x86.ActiveCfg = Release|Any CPU
		{A6ADB1B7-AD18-4271-A4E8-D24C957BABFE}.CD_ROM|Any CPU.ActiveCfg = Release|Any CPU
		{A6ADB1B7-AD18-4271-A4E8-D24C957BABFE}.CD_ROM|Any CPU.Build.0 = Release|Any CPU
		{A6ADB1B7-AD18-4271-A4E8-D24C957BABFE}.CD_ROM|x86.ActiveCfg = Release|Any CPU
		{A6ADB1B7-AD18-4271-A4E8-D24C957BABFE}.Debug|Any CPU.ActiveCfg = Debug|Any CPU
		{A6ADB1B7-AD18-4271-A4E8-D24C957BABFE}.Debug|Any CPU.Build.0 = Debug|Any CPU
		{A6ADB1B7-AD18-4271-A4E8-D24C957BABFE}.Debug|x86.ActiveCfg = Debug|Any CPU
		{A6ADB1B7-AD18-4271-A4E8-D24C957BABFE}.DVD-5|Any CPU.ActiveCfg = Debug|Any CPU
		{A6ADB1B7-AD18-4271-A4E8-D24C957BABFE}.DVD-5|Any CPU.Build.0 = Debug|Any CPU
		{A6ADB1B7-AD18-4271-A4E8-D24C957BABFE}.DVD-5|x86.ActiveCfg = Debug|Any CPU
		{A6ADB1B7-AD18-4271-A4E8-D24C957BABFE}.Release|Any CPU.ActiveCfg = Release|Any CPU
		{A6ADB1B7-AD18-4271-A4E8-D24C957BABFE}.Release|Any CPU.Build.0 = Release|Any CPU
		{A6ADB1B7-AD18-4271-A4E8-D24C957BABFE}.Release|x86.ActiveCfg = Release|Any CPU
		{A6ADB1B7-AD18-4271-A4E8-D24C957BABFE}.SingleImage|Any CPU.ActiveCfg = Release|Any CPU
		{A6ADB1B7-AD18-4271-A4E8-D24C957BABFE}.SingleImage|Any CPU.Build.0 = Release|Any CPU
		{A6ADB1B7-AD18-4271-A4E8-D24C957BABFE}.SingleImage|x86.ActiveCfg = Release|Any CPU
		{F522EC4E-8FDC-4723-9868-2F9CEAF70FED}.CD_ROM|Any CPU.ActiveCfg = Release|Any CPU
		{F522EC4E-8FDC-4723-9868-2F9CEAF70FED}.CD_ROM|Any CPU.Build.0 = Release|Any CPU
		{F522EC4E-8FDC-4723-9868-2F9CEAF70FED}.CD_ROM|x86.ActiveCfg = Release|Any CPU
		{F522EC4E-8FDC-4723-9868-2F9CEAF70FED}.Debug|Any CPU.ActiveCfg = Debug|Any CPU
		{F522EC4E-8FDC-4723-9868-2F9CEAF70FED}.Debug|Any CPU.Build.0 = Debug|Any CPU
		{F522EC4E-8FDC-4723-9868-2F9CEAF70FED}.Debug|x86.ActiveCfg = Debug|Any CPU
		{F522EC4E-8FDC-4723-9868-2F9CEAF70FED}.DVD-5|Any CPU.ActiveCfg = Debug|Any CPU
		{F522EC4E-8FDC-4723-9868-2F9CEAF70FED}.DVD-5|Any CPU.Build.0 = Debug|Any CPU
		{F522EC4E-8FDC-4723-9868-2F9CEAF70FED}.DVD-5|x86.ActiveCfg = Debug|Any CPU
		{F522EC4E-8FDC-4723-9868-2F9CEAF70FED}.Release|Any CPU.ActiveCfg = Release|Any CPU
		{F522EC4E-8FDC-4723-9868-2F9CEAF70FED}.Release|Any CPU.Build.0 = Release|Any CPU
		{F522EC4E-8FDC-4723-9868-2F9CEAF70FED}.Release|x86.ActiveCfg = Release|Any CPU
		{F522EC4E-8FDC-4723-9868-2F9CEAF70FED}.SingleImage|Any CPU.ActiveCfg = Release|Any CPU
		{F522EC4E-8FDC-4723-9868-2F9CEAF70FED}.SingleImage|Any CPU.Build.0 = Release|Any CPU
		{F522EC4E-8FDC-4723-9868-2F9CEAF70FED}.SingleImage|x86.ActiveCfg = Release|Any CPU
		{5B9FC4BB-8E4D-4964-9A81-7233787FCB0A}.CD_ROM|Any CPU.ActiveCfg = Release|Any CPU
		{5B9FC4BB-8E4D-4964-9A81-7233787FCB0A}.CD_ROM|Any CPU.Build.0 = Release|Any CPU
		{5B9FC4BB-8E4D-4964-9A81-7233787FCB0A}.CD_ROM|x86.ActiveCfg = Release|Any CPU
		{5B9FC4BB-8E4D-4964-9A81-7233787FCB0A}.Debug|Any CPU.ActiveCfg = Debug|Any CPU
		{5B9FC4BB-8E4D-4964-9A81-7233787FCB0A}.Debug|Any CPU.Build.0 = Debug|Any CPU
		{5B9FC4BB-8E4D-4964-9A81-7233787FCB0A}.Debug|x86.ActiveCfg = Debug|Any CPU
		{5B9FC4BB-8E4D-4964-9A81-7233787FCB0A}.DVD-5|Any CPU.ActiveCfg = Debug|Any CPU
		{5B9FC4BB-8E4D-4964-9A81-7233787FCB0A}.DVD-5|Any CPU.Build.0 = Debug|Any CPU
		{5B9FC4BB-8E4D-4964-9A81-7233787FCB0A}.DVD-5|x86.ActiveCfg = Debug|Any CPU
		{5B9FC4BB-8E4D-4964-9A81-7233787FCB0A}.Release|Any CPU.ActiveCfg = Release|Any CPU
		{5B9FC4BB-8E4D-4964-9A81-7233787FCB0A}.Release|Any CPU.Build.0 = Release|Any CPU
		{5B9FC4BB-8E4D-4964-9A81-7233787FCB0A}.Release|x86.ActiveCfg = Release|Any CPU
		{5B9FC4BB-8E4D-4964-9A81-7233787FCB0A}.SingleImage|Any CPU.ActiveCfg = Release|Any CPU
		{5B9FC4BB-8E4D-4964-9A81-7233787FCB0A}.SingleImage|Any CPU.Build.0 = Release|Any CPU
		{5B9FC4BB-8E4D-4964-9A81-7233787FCB0A}.SingleImage|x86.ActiveCfg = Release|Any CPU
		{AD309C0F-B2A3-440C-A5F2-49DC2E7FEF35}.CD_ROM|Any CPU.ActiveCfg = Release|Any CPU
		{AD309C0F-B2A3-440C-A5F2-49DC2E7FEF35}.CD_ROM|Any CPU.Build.0 = Release|Any CPU
		{AD309C0F-B2A3-440C-A5F2-49DC2E7FEF35}.CD_ROM|x86.ActiveCfg = Release|Any CPU
		{AD309C0F-B2A3-440C-A5F2-49DC2E7FEF35}.Debug|Any CPU.ActiveCfg = Debug|Any CPU
		{AD309C0F-B2A3-440C-A5F2-49DC2E7FEF35}.Debug|Any CPU.Build.0 = Debug|Any CPU
		{AD309C0F-B2A3-440C-A5F2-49DC2E7FEF35}.Debug|x86.ActiveCfg = Debug|Any CPU
		{AD309C0F-B2A3-440C-A5F2-49DC2E7FEF35}.DVD-5|Any CPU.ActiveCfg = Debug|Any CPU
		{AD309C0F-B2A3-440C-A5F2-49DC2E7FEF35}.DVD-5|Any CPU.Build.0 = Debug|Any CPU
		{AD309C0F-B2A3-440C-A5F2-49DC2E7FEF35}.DVD-5|x86.ActiveCfg = Debug|Any CPU
		{AD309C0F-B2A3-440C-A5F2-49DC2E7FEF35}.Release|Any CPU.ActiveCfg = Release|Any CPU
		{AD309C0F-B2A3-440C-A5F2-49DC2E7FEF35}.Release|Any CPU.Build.0 = Release|Any CPU
		{AD309C0F-B2A3-440C-A5F2-49DC2E7FEF35}.Release|x86.ActiveCfg = Release|Any CPU
		{AD309C0F-B2A3-440C-A5F2-49DC2E7FEF35}.SingleImage|Any CPU.ActiveCfg = Release|Any CPU
		{AD309C0F-B2A3-440C-A5F2-49DC2E7FEF35}.SingleImage|Any CPU.Build.0 = Release|Any CPU
		{AD309C0F-B2A3-440C-A5F2-49DC2E7FEF35}.SingleImage|x86.ActiveCfg = Release|Any CPU
		{5F1FC4F8-A652-46F0-A2EC-4ADA0D86AAC9}.CD_ROM|Any CPU.ActiveCfg = Release|Any CPU
		{5F1FC4F8-A652-46F0-A2EC-4ADA0D86AAC9}.CD_ROM|Any CPU.Build.0 = Release|Any CPU
		{5F1FC4F8-A652-46F0-A2EC-4ADA0D86AAC9}.CD_ROM|x86.ActiveCfg = Release|Any CPU
		{5F1FC4F8-A652-46F0-A2EC-4ADA0D86AAC9}.Debug|Any CPU.ActiveCfg = Debug|Any CPU
		{5F1FC4F8-A652-46F0-A2EC-4ADA0D86AAC9}.Debug|Any CPU.Build.0 = Debug|Any CPU
		{5F1FC4F8-A652-46F0-A2EC-4ADA0D86AAC9}.Debug|x86.ActiveCfg = Debug|Any CPU
		{5F1FC4F8-A652-46F0-A2EC-4ADA0D86AAC9}.DVD-5|Any CPU.ActiveCfg = Debug|Any CPU
		{5F1FC4F8-A652-46F0-A2EC-4ADA0D86AAC9}.DVD-5|Any CPU.Build.0 = Debug|Any CPU
		{5F1FC4F8-A652-46F0-A2EC-4ADA0D86AAC9}.DVD-5|x86.ActiveCfg = Debug|Any CPU
		{5F1FC4F8-A652-46F0-A2EC-4ADA0D86AAC9}.Release|Any CPU.ActiveCfg = Release|Any CPU
		{5F1FC4F8-A652-46F0-A2EC-4ADA0D86AAC9}.Release|Any CPU.Build.0 = Release|Any CPU
		{5F1FC4F8-A652-46F0-A2EC-4ADA0D86AAC9}.Release|x86.ActiveCfg = Release|Any CPU
		{5F1FC4F8-A652-46F0-A2EC-4ADA0D86AAC9}.SingleImage|Any CPU.ActiveCfg = Release|Any CPU
		{5F1FC4F8-A652-46F0-A2EC-4ADA0D86AAC9}.SingleImage|Any CPU.Build.0 = Release|Any CPU
		{5F1FC4F8-A652-46F0-A2EC-4ADA0D86AAC9}.SingleImage|x86.ActiveCfg = Release|Any CPU
		{0ABBF420-3D88-45BB-9612-D77EEFB96DE6}.CD_ROM|Any CPU.ActiveCfg = Release|Any CPU
		{0ABBF420-3D88-45BB-9612-D77EEFB96DE6}.CD_ROM|Any CPU.Build.0 = Release|Any CPU
		{0ABBF420-3D88-45BB-9612-D77EEFB96DE6}.CD_ROM|x86.ActiveCfg = Release|Any CPU
		{0ABBF420-3D88-45BB-9612-D77EEFB96DE6}.Debug|Any CPU.ActiveCfg = Debug|Any CPU
		{0ABBF420-3D88-45BB-9612-D77EEFB96DE6}.Debug|Any CPU.Build.0 = Debug|Any CPU
		{0ABBF420-3D88-45BB-9612-D77EEFB96DE6}.Debug|x86.ActiveCfg = Debug|Any CPU
		{0ABBF420-3D88-45BB-9612-D77EEFB96DE6}.DVD-5|Any CPU.ActiveCfg = Debug|Any CPU
		{0ABBF420-3D88-45BB-9612-D77EEFB96DE6}.DVD-5|Any CPU.Build.0 = Debug|Any CPU
		{0ABBF420-3D88-45BB-9612-D77EEFB96DE6}.DVD-5|x86.ActiveCfg = Debug|Any CPU
		{0ABBF420-3D88-45BB-9612-D77EEFB96DE6}.Release|Any CPU.ActiveCfg = Release|Any CPU
		{0ABBF420-3D88-45BB-9612-D77EEFB96DE6}.Release|Any CPU.Build.0 = Release|Any CPU
		{0ABBF420-3D88-45BB-9612-D77EEFB96DE6}.Release|x86.ActiveCfg = Release|Any CPU
		{0ABBF420-3D88-45BB-9612-D77EEFB96DE6}.SingleImage|Any CPU.ActiveCfg = Release|Any CPU
		{0ABBF420-3D88-45BB-9612-D77EEFB96DE6}.SingleImage|Any CPU.Build.0 = Release|Any CPU
		{0ABBF420-3D88-45BB-9612-D77EEFB96DE6}.SingleImage|x86.ActiveCfg = Release|Any CPU
		{45D60751-0AA2-43E1-BD36-C2281AD63042}.CD_ROM|Any CPU.ActiveCfg = Release|Any CPU
		{45D60751-0AA2-43E1-BD36-C2281AD63042}.CD_ROM|Any CPU.Build.0 = Release|Any CPU
		{45D60751-0AA2-43E1-BD36-C2281AD63042}.CD_ROM|x86.ActiveCfg = Release|Any CPU
		{45D60751-0AA2-43E1-BD36-C2281AD63042}.Debug|Any CPU.ActiveCfg = Debug|Any CPU
		{45D60751-0AA2-43E1-BD36-C2281AD63042}.Debug|Any CPU.Build.0 = Debug|Any CPU
		{45D60751-0AA2-43E1-BD36-C2281AD63042}.Debug|x86.ActiveCfg = Debug|Any CPU
		{45D60751-0AA2-43E1-BD36-C2281AD63042}.DVD-5|Any CPU.ActiveCfg = Debug|Any CPU
		{45D60751-0AA2-43E1-BD36-C2281AD63042}.DVD-5|Any CPU.Build.0 = Debug|Any CPU
		{45D60751-0AA2-43E1-BD36-C2281AD63042}.DVD-5|x86.ActiveCfg = Debug|Any CPU
		{45D60751-0AA2-43E1-BD36-C2281AD63042}.Release|Any CPU.ActiveCfg = Release|Any CPU
		{45D60751-0AA2-43E1-BD36-C2281AD63042}.Release|Any CPU.Build.0 = Release|Any CPU
		{45D60751-0AA2-43E1-BD36-C2281AD63042}.Release|x86.ActiveCfg = Release|Any CPU
		{45D60751-0AA2-43E1-BD36-C2281AD63042}.SingleImage|Any CPU.ActiveCfg = Release|Any CPU
		{45D60751-0AA2-43E1-BD36-C2281AD63042}.SingleImage|Any CPU.Build.0 = Release|Any CPU
		{45D60751-0AA2-43E1-BD36-C2281AD63042}.SingleImage|x86.ActiveCfg = Release|Any CPU
	EndGlobalSection
	GlobalSection(SolutionProperties) = preSolution
		HideSolutionNode = FALSE
	EndGlobalSection
EndGlobal
